// !$*UTF8*$!
{
	archiveVersion = 1;
	classes = {
	};
	objectVersion = 48;
	objects = {

/* Begin PBXBuildFile section */
		F64EE5A01F2AEB650059B772 /* LeagueVC.swift in Sources */ = {isa = PBXBuildFile; fileRef = F64EE59F1F2AEB650059B772 /* LeagueVC.swift */; };
		F64EE5A21F2AEB760059B772 /* SkillVC.swift in Sources */ = {isa = PBXBuildFile; fileRef = F64EE5A11F2AEB760059B772 /* SkillVC.swift */; };
		F64EE5A41F2C32DF0059B772 /* Player.swift in Sources */ = {isa = PBXBuildFile; fileRef = F64EE5A31F2C32DF0059B772 /* Player.swift */; };
		F67E905B1F281B6000BEC517 /* AppDelegate.swift in Sources */ = {isa = PBXBuildFile; fileRef = F67E905A1F281B6000BEC517 /* AppDelegate.swift */; };
		F67E905D1F281B6100BEC517 /* WelcomeVC.swift in Sources */ = {isa = PBXBuildFile; fileRef = F67E905C1F281B6100BEC517 /* WelcomeVC.swift */; };
		F67E90601F281B6100BEC517 /* Main.storyboard in Resources */ = {isa = PBXBuildFile; fileRef = F67E905E1F281B6100BEC517 /* Main.storyboard */; };
		F67E90621F281B6100BEC517 /* Assets.xcassets in Resources */ = {isa = PBXBuildFile; fileRef = F67E90611F281B6100BEC517 /* Assets.xcassets */; };
		F67E90651F281B6100BEC517 /* LaunchScreen.storyboard in Resources */ = {isa = PBXBuildFile; fileRef = F67E90631F281B6100BEC517 /* LaunchScreen.storyboard */; };
		F67E906E1F2820D800BEC517 /* BorderButton.swift in Sources */ = {isa = PBXBuildFile; fileRef = F67E906D1F2820D800BEC517 /* BorderButton.swift */; };
/* End PBXBuildFile section */

/* Begin PBXFileReference section */
		F64EE59F1F2AEB650059B772 /* LeagueVC.swift */ = {isa = PBXFileReference; lastKnownFileType = sourcecode.swift; path = LeagueVC.swift; sourceTree = "<group>"; };
		F64EE5A11F2AEB760059B772 /* SkillVC.swift */ = {isa = PBXFileReference; lastKnownFileType = sourcecode.swift; path = SkillVC.swift; sourceTree = "<group>"; };
		F64EE5A31F2C32DF0059B772 /* Player.swift */ = {isa = PBXFileReference; lastKnownFileType = sourcecode.swift; path = Player.swift; sourceTree = "<group>"; };
		F67E90571F281B6000BEC517 /* app-swoosh.app */ = {isa = PBXFileReference; explicitFileType = wrapper.application; includeInIndex = 0; path = "app-swoosh.app"; sourceTree = BUILT_PRODUCTS_DIR; };
		F67E905A1F281B6000BEC517 /* AppDelegate.swift */ = {isa = PBXFileReference; lastKnownFileType = sourcecode.swift; path = AppDelegate.swift; sourceTree = "<group>"; };
		F67E905C1F281B6100BEC517 /* WelcomeVC.swift */ = {isa = PBXFileReference; lastKnownFileType = sourcecode.swift; path = WelcomeVC.swift; sourceTree = "<group>"; };
		F67E905F1F281B6100BEC517 /* Base */ = {isa = PBXFileReference; lastKnownFileType = file.storyboard; name = Base; path = Base.lproj/Main.storyboard; sourceTree = "<group>"; };
		F67E90611F281B6100BEC517 /* Assets.xcassets */ = {isa = PBXFileReference; lastKnownFileType = folder.assetcatalog; path = Assets.xcassets; sourceTree = "<group>"; };
		F67E90641F281B6100BEC517 /* Base */ = {isa = PBXFileReference; lastKnownFileType = file.storyboard; name = Base; path = Base.lproj/LaunchScreen.storyboard; sourceTree = "<group>"; };
		F67E90661F281B6100BEC517 /* Info.plist */ = {isa = PBXFileReference; lastKnownFileType = text.plist.xml; path = Info.plist; sourceTree = "<group>"; };
		F67E906D1F2820D800BEC517 /* BorderButton.swift */ = {isa = PBXFileReference; lastKnownFileType = sourcecode.swift; path = BorderButton.swift; sourceTree = "<group>"; };
/* End PBXFileReference section */

/* Begin PBXFrameworksBuildPhase section */
		F67E90541F281B6000BEC517 /* Frameworks */ = {
			isa = PBXFrameworksBuildPhase;
			buildActionMask = 2147483647;
			files = (
			);
			runOnlyForDeploymentPostprocessing = 0;
		};
/* End PBXFrameworksBuildPhase section */

/* Begin PBXGroup section */
		F64EE59D1F2AEAB70059B772 /* Controller */ = {
			isa = PBXGroup;
			children = (
				F67E905C1F281B6100BEC517 /* WelcomeVC.swift */,
				F64EE59F1F2AEB650059B772 /* LeagueVC.swift */,
				F64EE5A11F2AEB760059B772 /* SkillVC.swift */,
			);
			path = Controller;
			sourceTree = "<group>";
		};
		F64EE59E1F2AEAC40059B772 /* Model */ = {
			isa = PBXGroup;
			children = (
				F64EE5A31F2C32DF0059B772 /* Player.swift */,
			);
			path = Model;
			sourceTree = "<group>";
		};
		F67E904E1F281B6000BEC517 = {
			isa = PBXGroup;
			children = (
				F67E90591F281B6000BEC517 /* app-swoosh */,
				F67E90581F281B6000BEC517 /* Products */,
			);
			sourceTree = "<group>";
		};
		F67E90581F281B6000BEC517 /* Products */ = {
			isa = PBXGroup;
			children = (
				F67E90571F281B6000BEC517 /* app-swoosh.app */,
			);
			name = Products;
			sourceTree = "<group>";
		};
		F67E90591F281B6000BEC517 /* app-swoosh */ = {
			isa = PBXGroup;
			children = (
				F64EE59E1F2AEAC40059B772 /* Model */,
				F64EE59D1F2AEAB70059B772 /* Controller */,
				F67E906C1F28208800BEC517 /* View */,
				F67E905A1F281B6000BEC517 /* AppDelegate.swift */,
				F67E905E1F281B6100BEC517 /* Main.storyboard */,
				F67E90611F281B6100BEC517 /* Assets.xcassets */,
				F67E90631F281B6100BEC517 /* LaunchScreen.storyboard */,
				F67E90661F281B6100BEC517 /* Info.plist */,
			);
			path = "app-swoosh";
			sourceTree = "<group>";
		};
		F67E906C1F28208800BEC517 /* View */ = {
			isa = PBXGroup;
			children = (
				F67E906D1F2820D800BEC517 /* BorderButton.swift */,
			);
			path = View;
			sourceTree = "<group>";
		};
/* End PBXGroup section */

/* Begin PBXNativeTarget section */
		F67E90561F281B6000BEC517 /* app-swoosh */ = {
			isa = PBXNativeTarget;
			buildConfigurationList = F67E90691F281B6100BEC517 /* Build configuration list for PBXNativeTarget "app-swoosh" */;
			buildPhases = (
				F67E90531F281B6000BEC517 /* Sources */,
				F67E90541F281B6000BEC517 /* Frameworks */,
				F67E90551F281B6000BEC517 /* Resources */,
			);
			buildRules = (
			);
			dependencies = (
			);
			name = "app-swoosh";
			productName = "app-swoosh";
			productReference = F67E90571F281B6000BEC517 /* app-swoosh.app */;
			productType = "com.apple.product-type.application";
		};
/* End PBXNativeTarget section */

/* Begin PBXProject section */
		F67E904F1F281B6000BEC517 /* Project object */ = {
			isa = PBXProject;
			attributes = {
				LastSwiftUpdateCheck = 0900;
				LastUpgradeCheck = 0900;
				ORGANIZATIONNAME = "Ricardo Herrera Petit";
				TargetAttributes = {
					F67E90561F281B6000BEC517 = {
						CreatedOnToolsVersion = 9.0;
					};
				};
			};
			buildConfigurationList = F67E90521F281B6000BEC517 /* Build configuration list for PBXProject "app-swoosh" */;
			compatibilityVersion = "Xcode 8.0";
			developmentRegion = en;
			hasScannedForEncodings = 0;
			knownRegions = (
				en,
				Base,
			);
			mainGroup = F67E904E1F281B6000BEC517;
			productRefGroup = F67E90581F281B6000BEC517 /* Products */;
			projectDirPath = "";
			projectRoot = "";
			targets = (
				F67E90561F281B6000BEC517 /* app-swoosh */,
			);
		};
/* End PBXProject section */

/* Begin PBXResourcesBuildPhase section */
		F67E90551F281B6000BEC517 /* Resources */ = {
			isa = PBXResourcesBuildPhase;
			buildActionMask = 2147483647;
			files = (
				F67E90651F281B6100BEC517 /* LaunchScreen.storyboard in Resources */,
				F67E90621F281B6100BEC517 /* Assets.xcassets in Resources */,
				F67E90601F281B6100BEC517 /* Main.storyboard in Resources */,
			);
			runOnlyForDeploymentPostprocessing = 0;
		};
/* End PBXResourcesBuildPhase section */

/* Begin PBXSourcesBuildPhase section */
		F67E90531F281B6000BEC517 /* Sources */ = {
			isa = PBXSourcesBuildPhase;
			buildActionMask = 2147483647;
			files = (
				F67E905D1F281B6100BEC517 /* WelcomeVC.swift in Sources */,
				F64EE5A01F2AEB650059B772 /* LeagueVC.swift in Sources */,
				F67E905B1F281B6000BEC517 /* AppDelegate.swift in Sources */,
				F64EE5A21F2AEB760059B772 /* SkillVC.swift in Sources */,
				F64EE5A41F2C32DF0059B772 /* Player.swift in Sources */,
				F67E906E1F2820D800BEC517 /* BorderButton.swift in Sources */,
			);
			runOnlyForDeploymentPostprocessing = 0;
		};
/* End PBXSourcesBuildPhase section */

/* Begin PBXVariantGroup section */
		F67E905E1F281B6100BEC517 /* Main.storyboard */ = {
			isa = PBXVariantGroup;
			children = (
				F67E905F1F281B6100BEC517 /* Base */,
			);
			name = Main.storyboard;
			sourceTree = "<group>";
		};
		F67E90631F281B6100BEC517 /* LaunchScreen.storyboard */ = {
			isa = PBXVariantGroup;
			children = (
				F67E90641F281B6100BEC517 /* Base */,
			);
			name = LaunchScreen.storyboard;
			sourceTree = "<group>";
		};
/* End PBXVariantGroup section */

/* Begin XCBuildConfiguration section */
		F67E90671F281B6100BEC517 /* Debug */ = {
			isa = XCBuildConfiguration;
			buildSettings = {
				ALWAYS_SEARCH_USER_PATHS = NO;
				CLANG_ANALYZER_NONNULL = YES;
				CLANG_ANALYZER_NUMBER_OBJECT_CONVERSION = YES_AGGRESSIVE;
				CLANG_CXX_LANGUAGE_STANDARD = "gnu++14";
				CLANG_CXX_LIBRARY = "libc++";
				CLANG_ENABLE_MODULES = YES;
				CLANG_ENABLE_OBJC_ARC = YES;
				CLANG_WARN_BLOCK_CAPTURE_AUTORELEASING = YES;
				CLANG_WARN_BOOL_CONVERSION = YES;
				CLANG_WARN_COMMA = YES;
				CLANG_WARN_CONSTANT_CONVERSION = YES;
				CLANG_WARN_DIRECT_OBJC_ISA_USAGE = YES_ERROR;
				CLANG_WARN_DOCUMENTATION_COMMENTS = YES;
				CLANG_WARN_EMPTY_BODY = YES;
				CLANG_WARN_ENUM_CONVERSION = YES;
				CLANG_WARN_INFINITE_RECURSION = YES;
				CLANG_WARN_INT_CONVERSION = YES;
				CLANG_WARN_NON_LITERAL_NULL_CONVERSION = YES;
				CLANG_WARN_OBJC_LITERAL_CONVERSION = YES;
				CLANG_WARN_OBJC_ROOT_CLASS = YES_ERROR;
				CLANG_WARN_RANGE_LOOP_ANALYSIS = YES;
				CLANG_WARN_STRICT_PROTOTYPES = YES;
				CLANG_WARN_SUSPICIOUS_MOVE = YES;
				CLANG_WARN_UNGUARDED_AVAILABILITY = YES_AGGRESSIVE;
				CLANG_WARN_UNREACHABLE_CODE = YES;
				CLANG_WARN__DUPLICATE_METHOD_MATCH = YES;
				CODE_SIGN_IDENTITY = "iPhone Developer";
				COPY_PHASE_STRIP = NO;
				DEBUG_INFORMATION_FORMAT = dwarf;
				ENABLE_STRICT_OBJC_MSGSEND = YES;
				ENABLE_TESTABILITY = YES;
				GCC_C_LANGUAGE_STANDARD = gnu11;
				GCC_DYNAMIC_NO_PIC = NO;
				GCC_NO_COMMON_BLOCKS = YES;
				GCC_OPTIMIZATION_LEVEL = 0;
				GCC_PREPROCESSOR_DEFINITIONS = (
					"DEBUG=1",
					"$(inherited)",
				);
				GCC_WARN_64_TO_32_BIT_CONVERSION = YES;
				GCC_WARN_ABOUT_RETURN_TYPE = YES_ERROR;
				GCC_WARN_UNDECLARED_SELECTOR = YES;
				GCC_WARN_UNINITIALIZED_AUTOS = YES_AGGRESSIVE;
				GCC_WARN_UNUSED_FUNCTION = YES;
				GCC_WARN_UNUSED_VARIABLE = YES;
				IPHONEOS_DEPLOYMENT_TARGET = 11.0;
				MTL_ENABLE_DEBUG_INFO = YES;
				ONLY_ACTIVE_ARCH = YES;
				SDKROOT = iphoneos;
				SWIFT_ACTIVE_COMPILATION_CONDITIONS = DEBUG;
				SWIFT_OPTIMIZATION_LEVEL = "-Onone";
			};
			name = Debug;
		};
		F67E90681F281B6100BEC517 /* Release */ = {
			isa = XCBuildConfiguration;
			buildSettings = {
				ALWAYS_SEARCH_USER_PATHS = NO;
				CLANG_ANALYZER_NONNULL = YES;
				CLANG_ANALYZER_NUMBER_OBJECT_CONVERSION = YES_AGGRESSIVE;
				CLANG_CXX_LANGUAGE_STANDARD = "gnu++14";
				CLANG_CXX_LIBRARY = "libc++";
				CLANG_ENABLE_MODULES = YES;
				CLANG_ENABLE_OBJC_ARC = YES;
				CLANG_WARN_BLOCK_CAPTURE_AUTORELEASING = YES;
				CLANG_WARN_BOOL_CONVERSION = YES;
				CLANG_WARN_COMMA = YES;
				CLANG_WARN_CONSTANT_CONVERSION = YES;
				CLANG_WARN_DIRECT_OBJC_ISA_USAGE = YES_ERROR;
				CLANG_WARN_DOCUMENTATION_COMMENTS = YES;
				CLANG_WARN_EMPTY_BODY = YES;
				CLANG_WARN_ENUM_CONVERSION = YES;
				CLANG_WARN_INFINITE_RECURSION = YES;
				CLANG_WARN_INT_CONVERSION = YES;
				CLANG_WARN_NON_LITERAL_NULL_CONVERSION = YES;
				CLANG_WARN_OBJC_LITERAL_CONVERSION = YES;
				CLANG_WARN_OBJC_ROOT_CLASS = YES_ERROR;
				CLANG_WARN_RANGE_LOOP_ANALYSIS = YES;
				CLANG_WARN_STRICT_PROTOTYPES = YES;
				CLANG_WARN_SUSPICIOUS_MOVE = YES;
				CLANG_WARN_UNGUARDED_AVAILABILITY = YES_AGGRESSIVE;
				CLANG_WARN_UNREACHABLE_CODE = YES;
				CLANG_WARN__DUPLICATE_METHOD_MATCH = YES;
				CODE_SIGN_IDENTITY = "iPhone Developer";
				COPY_PHASE_STRIP = NO;
				DEBUG_INFORMATION_FORMAT = "dwarf-with-dsym";
				ENABLE_NS_ASSERTIONS = NO;
				ENABLE_STRICT_OBJC_MSGSEND = YES;
				GCC_C_LANGUAGE_STANDARD = gnu11;
				GCC_NO_COMMON_BLOCKS = YES;
				GCC_WARN_64_TO_32_BIT_CONVERSION = YES;
				GCC_WARN_ABOUT_RETURN_TYPE = YES_ERROR;
				GCC_WARN_UNDECLARED_SELECTOR = YES;
				GCC_WARN_UNINITIALIZED_AUTOS = YES_AGGRESSIVE;
				GCC_WARN_UNUSED_FUNCTION = YES;
				GCC_WARN_UNUSED_VARIABLE = YES;
				IPHONEOS_DEPLOYMENT_TARGET = 11.0;
				MTL_ENABLE_DEBUG_INFO = NO;
				SDKROOT = iphoneos;
				SWIFT_OPTIMIZATION_LEVEL = "-Owholemodule";
				VALIDATE_PRODUCT = YES;
			};
			name = Release;
		};
		F67E906A1F281B6100BEC517 /* Debug */ = {
			isa = XCBuildConfiguration;
			buildSettings = {
				ASSETCATALOG_COMPILER_APPICON_NAME = AppIcon;
				DEVELOPMENT_TEAM = AMLYNCKP6M;
				INFOPLIST_FILE = "app-swoosh/Info.plist";
				LD_RUNPATH_SEARCH_PATHS = "$(inherited) @executable_path/Frameworks";
				PRODUCT_BUNDLE_IDENTIFIER = "petitcoding.com.app-swoosh";
				PRODUCT_NAME = "$(TARGET_NAME)";
				SWIFT_VERSION = 4.0;
				TARGETED_DEVICE_FAMILY = "1,2";
			};
			name = Debug;
		};
		F67E906B1F281B6100BEC517 /* Release */ = {
			isa = XCBuildConfiguration;
			buildSettings = {
				ASSETCATALOG_COMPILER_APPICON_NAME = AppIcon;
				DEVELOPMENT_TEAM = AMLYNCKP6M;
				INFOPLIST_FILE = "app-swoosh/Info.plist";
				LD_RUNPATH_SEARCH_PATHS = "$(inherited) @executable_path/Frameworks";
				PRODUCT_BUNDLE_IDENTIFIER = "petitcoding.com.app-swoosh";
				PRODUCT_NAME = "$(TARGET_NAME)";
				SWIFT_VERSION = 4.0;
				TARGETED_DEVICE_FAMILY = "1,2";
			};
			name = Release;
		};
/* End XCBuildConfiguration section */

/* Begin XCConfigurationList section */
		F67E90521F281B6000BEC517 /* Build configuration list for PBXProject "app-swoosh" */ = {
			isa = XCConfigurationList;
			buildConfigurations = (
				F67E90671F281B6100BEC517 /* Debug */,
				F67E90681F281B6100BEC517 /* Release */,
			);
			defaultConfigurationIsVisible = 0;
			defaultConfigurationName = Release;
		};
		F67E90691F281B6100BEC517 /* Build configuration list for PBXNativeTarget "app-swoosh" */ = {
			isa = XCConfigurationList;
			buildConfigurations = (
				F67E906A1F281B6100BEC517 /* Debug */,
				F67E906B1F281B6100BEC517 /* Release */,
			);
			defaultConfigurationIsVisible = 0;
			defaultConfigurationName = Release;
		};
/* End XCConfigurationList section */
	};
	rootObject = F67E904F1F281B6000BEC517 /* Project object */;
}
